// !$*UTF8*$!
{
	archiveVersion = 1;
	classes = {
	};
	objectVersion = 46;
	objects = {

/* Begin PBXBuildFile section */
		59810E4059E65DBBC4E1B1A0 /* Pods_Pokemon_DeckTests.framework in Frameworks */ = {isa = PBXBuildFile; fileRef = 8DBED9464340C6235197ABB7 /* Pods_Pokemon_DeckTests.framework */; };
		8805315F44476F458C275FB3 /* Pods_Pokemon_DeckUITests.framework in Frameworks */ = {isa = PBXBuildFile; fileRef = EEC6C026C08B05C23C7F2C4D /* Pods_Pokemon_DeckUITests.framework */; };
		BF016E481DAB3701004355BF /* Constants.swift in Sources */ = {isa = PBXBuildFile; fileRef = BF016E471DAB3701004355BF /* Constants.swift */; };
		BF3017871DAAF0E800F33AE7 /* PokemonDetailVC.swift in Sources */ = {isa = PBXBuildFile; fileRef = BF3017861DAAF0E800F33AE7 /* PokemonDetailVC.swift */; };
		BF680B331DA9E27500E57DB4 /* AppDelegate.swift in Sources */ = {isa = PBXBuildFile; fileRef = BF680B321DA9E27500E57DB4 /* AppDelegate.swift */; };
		BF680B351DA9E27500E57DB4 /* ViewController.swift in Sources */ = {isa = PBXBuildFile; fileRef = BF680B341DA9E27500E57DB4 /* ViewController.swift */; };
		BF680B381DA9E27500E57DB4 /* Main.storyboard in Resources */ = {isa = PBXBuildFile; fileRef = BF680B361DA9E27500E57DB4 /* Main.storyboard */; };
		BF680B3A1DA9E27500E57DB4 /* Assets.xcassets in Resources */ = {isa = PBXBuildFile; fileRef = BF680B391DA9E27500E57DB4 /* Assets.xcassets */; };
		BF680B3D1DA9E27500E57DB4 /* LaunchScreen.storyboard in Resources */ = {isa = PBXBuildFile; fileRef = BF680B3B1DA9E27500E57DB4 /* LaunchScreen.storyboard */; };
		BF680B481DA9E27600E57DB4 /* Pokemon_DeckTests.swift in Sources */ = {isa = PBXBuildFile; fileRef = BF680B471DA9E27600E57DB4 /* Pokemon_DeckTests.swift */; };
		BF680B531DA9E27600E57DB4 /* Pokemon_DeckUITests.swift in Sources */ = {isa = PBXBuildFile; fileRef = BF680B521DA9E27600E57DB4 /* Pokemon_DeckUITests.swift */; };
		BF680B611DA9EC6000E57DB4 /* pokemon.csv in Resources */ = {isa = PBXBuildFile; fileRef = BF680B601DA9EC6000E57DB4 /* pokemon.csv */; };
		BF680B641DA9EE2A00E57DB4 /* Pokemon.swift in Sources */ = {isa = PBXBuildFile; fileRef = BF680B631DA9EE2A00E57DB4 /* Pokemon.swift */; };
		BF680B671DA9F53F00E57DB4 /* music.mp3 in Resources */ = {isa = PBXBuildFile; fileRef = BF680B661DA9F53F00E57DB4 /* music.mp3 */; };
		BF680B691DA9F55900E57DB4 /* pokemon.ttf in Resources */ = {isa = PBXBuildFile; fileRef = BF680B681DA9F55900E57DB4 /* pokemon.ttf */; };
		BF680B6C1DA9FFCF00E57DB4 /* PokeCell.swift in Sources */ = {isa = PBXBuildFile; fileRef = BF680B6B1DA9FFCF00E57DB4 /* PokeCell.swift */; };
		BF680B6E1DAA1E0800E57DB4 /* csv.swift in Sources */ = {isa = PBXBuildFile; fileRef = BF680B6D1DAA1E0800E57DB4 /* csv.swift */; };
		BF680B721DAA811A00E57DB4 /* music.png in Resources */ = {isa = PBXBuildFile; fileRef = BF680B711DAA811A00E57DB4 /* music.png */; };
		BF680B741DAA812E00E57DB4 /* back.png in Resources */ = {isa = PBXBuildFile; fileRef = BF680B731DAA812E00E57DB4 /* back.png */; };
		E9FFB012B5C3FC4C6D39AE85 /* Pods_Pokemon_Deck.framework in Frameworks */ = {isa = PBXBuildFile; fileRef = 4C0FB8752ADA50D0CEE5AAC9 /* Pods_Pokemon_Deck.framework */; };
/* End PBXBuildFile section */

/* Begin PBXContainerItemProxy section */
		BF680B441DA9E27600E57DB4 /* PBXContainerItemProxy */ = {
			isa = PBXContainerItemProxy;
			containerPortal = BF680B271DA9E27500E57DB4 /* Project object */;
			proxyType = 1;
			remoteGlobalIDString = BF680B2E1DA9E27500E57DB4;
			remoteInfo = "Pokemon Deck";
		};
		BF680B4F1DA9E27600E57DB4 /* PBXContainerItemProxy */ = {
			isa = PBXContainerItemProxy;
			containerPortal = BF680B271DA9E27500E57DB4 /* Project object */;
			proxyType = 1;
			remoteGlobalIDString = BF680B2E1DA9E27500E57DB4;
			remoteInfo = "Pokemon Deck";
		};
/* End PBXContainerItemProxy section */

/* Begin PBXFileReference section */
		4C0FB8752ADA50D0CEE5AAC9 /* Pods_Pokemon_Deck.framework */ = {isa = PBXFileReference; explicitFileType = wrapper.framework; includeInIndex = 0; path = Pods_Pokemon_Deck.framework; sourceTree = BUILT_PRODUCTS_DIR; };
		5D315CECF0EF2C64BEE34CED /* Pods-Pokemon DeckUITests.debug.xcconfig */ = {isa = PBXFileReference; includeInIndex = 1; lastKnownFileType = text.xcconfig; name = "Pods-Pokemon DeckUITests.debug.xcconfig"; path = "Pods/Target Support Files/Pods-Pokemon DeckUITests/Pods-Pokemon DeckUITests.debug.xcconfig"; sourceTree = "<group>"; };
		5FAB4C1F1473C92D5BADAEA8 /* Pods-Pokemon Deck.debug.xcconfig */ = {isa = PBXFileReference; includeInIndex = 1; lastKnownFileType = text.xcconfig; name = "Pods-Pokemon Deck.debug.xcconfig"; path = "Pods/Target Support Files/Pods-Pokemon Deck/Pods-Pokemon Deck.debug.xcconfig"; sourceTree = "<group>"; };
		8DBED9464340C6235197ABB7 /* Pods_Pokemon_DeckTests.framework */ = {isa = PBXFileReference; explicitFileType = wrapper.framework; includeInIndex = 0; path = Pods_Pokemon_DeckTests.framework; sourceTree = BUILT_PRODUCTS_DIR; };
		947C3873AB5F8F794697BE54 /* Pods-Pokemon DeckUITests.release.xcconfig */ = {isa = PBXFileReference; includeInIndex = 1; lastKnownFileType = text.xcconfig; name = "Pods-Pokemon DeckUITests.release.xcconfig"; path = "Pods/Target Support Files/Pods-Pokemon DeckUITests/Pods-Pokemon DeckUITests.release.xcconfig"; sourceTree = "<group>"; };
		9FDD7CE1873C0BAD8E5A718B /* Pods-Pokemon DeckTests.debug.xcconfig */ = {isa = PBXFileReference; includeInIndex = 1; lastKnownFileType = text.xcconfig; name = "Pods-Pokemon DeckTests.debug.xcconfig"; path = "Pods/Target Support Files/Pods-Pokemon DeckTests/Pods-Pokemon DeckTests.debug.xcconfig"; sourceTree = "<group>"; };
		BF016E471DAB3701004355BF /* Constants.swift */ = {isa = PBXFileReference; fileEncoding = 4; lastKnownFileType = sourcecode.swift; path = Constants.swift; sourceTree = "<group>"; };
		BF3017861DAAF0E800F33AE7 /* PokemonDetailVC.swift */ = {isa = PBXFileReference; fileEncoding = 4; lastKnownFileType = sourcecode.swift; path = PokemonDetailVC.swift; sourceTree = "<group>"; };
		BF680B2F1DA9E27500E57DB4 /* Pokemon Deck.app */ = {isa = PBXFileReference; explicitFileType = wrapper.application; includeInIndex = 0; path = "Pokemon Deck.app"; sourceTree = BUILT_PRODUCTS_DIR; };
		BF680B321DA9E27500E57DB4 /* AppDelegate.swift */ = {isa = PBXFileReference; lastKnownFileType = sourcecode.swift; path = AppDelegate.swift; sourceTree = "<group>"; };
		BF680B341DA9E27500E57DB4 /* ViewController.swift */ = {isa = PBXFileReference; lastKnownFileType = sourcecode.swift; path = ViewController.swift; sourceTree = "<group>"; };
		BF680B371DA9E27500E57DB4 /* Base */ = {isa = PBXFileReference; lastKnownFileType = file.storyboard; name = Base; path = Base.lproj/Main.storyboard; sourceTree = "<group>"; };
		BF680B391DA9E27500E57DB4 /* Assets.xcassets */ = {isa = PBXFileReference; lastKnownFileType = folder.assetcatalog; path = Assets.xcassets; sourceTree = "<group>"; };
		BF680B3C1DA9E27500E57DB4 /* Base */ = {isa = PBXFileReference; lastKnownFileType = file.storyboard; name = Base; path = Base.lproj/LaunchScreen.storyboard; sourceTree = "<group>"; };
		BF680B3E1DA9E27500E57DB4 /* Info.plist */ = {isa = PBXFileReference; lastKnownFileType = text.plist.xml; path = Info.plist; sourceTree = "<group>"; };
		BF680B431DA9E27600E57DB4 /* Pokemon DeckTests.xctest */ = {isa = PBXFileReference; explicitFileType = wrapper.cfbundle; includeInIndex = 0; path = "Pokemon DeckTests.xctest"; sourceTree = BUILT_PRODUCTS_DIR; };
		BF680B471DA9E27600E57DB4 /* Pokemon_DeckTests.swift */ = {isa = PBXFileReference; lastKnownFileType = sourcecode.swift; path = Pokemon_DeckTests.swift; sourceTree = "<group>"; };
		BF680B491DA9E27600E57DB4 /* Info.plist */ = {isa = PBXFileReference; lastKnownFileType = text.plist.xml; path = Info.plist; sourceTree = "<group>"; };
		BF680B4E1DA9E27600E57DB4 /* Pokemon DeckUITests.xctest */ = {isa = PBXFileReference; explicitFileType = wrapper.cfbundle; includeInIndex = 0; path = "Pokemon DeckUITests.xctest"; sourceTree = BUILT_PRODUCTS_DIR; };
		BF680B521DA9E27600E57DB4 /* Pokemon_DeckUITests.swift */ = {isa = PBXFileReference; lastKnownFileType = sourcecode.swift; path = Pokemon_DeckUITests.swift; sourceTree = "<group>"; };
		BF680B541DA9E27600E57DB4 /* Info.plist */ = {isa = PBXFileReference; lastKnownFileType = text.plist.xml; path = Info.plist; sourceTree = "<group>"; };
		BF680B601DA9EC6000E57DB4 /* pokemon.csv */ = {isa = PBXFileReference; fileEncoding = 4; lastKnownFileType = text; path = pokemon.csv; sourceTree = "<group>"; };
		BF680B631DA9EE2A00E57DB4 /* Pokemon.swift */ = {isa = PBXFileReference; fileEncoding = 4; lastKnownFileType = sourcecode.swift; path = Pokemon.swift; sourceTree = "<group>"; };
		BF680B661DA9F53F00E57DB4 /* music.mp3 */ = {isa = PBXFileReference; lastKnownFileType = audio.mp3; path = music.mp3; sourceTree = "<group>"; };
		BF680B681DA9F55900E57DB4 /* pokemon.ttf */ = {isa = PBXFileReference; lastKnownFileType = file; path = pokemon.ttf; sourceTree = "<group>"; };
		BF680B6B1DA9FFCF00E57DB4 /* PokeCell.swift */ = {isa = PBXFileReference; fileEncoding = 4; lastKnownFileType = sourcecode.swift; path = PokeCell.swift; sourceTree = "<group>"; };
		BF680B6D1DAA1E0800E57DB4 /* csv.swift */ = {isa = PBXFileReference; fileEncoding = 4; lastKnownFileType = sourcecode.swift; path = csv.swift; sourceTree = "<group>"; };
		BF680B711DAA811A00E57DB4 /* music.png */ = {isa = PBXFileReference; lastKnownFileType = image.png; path = music.png; sourceTree = "<group>"; };
		BF680B731DAA812E00E57DB4 /* back.png */ = {isa = PBXFileReference; lastKnownFileType = image.png; path = back.png; sourceTree = "<group>"; };
		CD1CCABFF082737D80CD0E89 /* Pods-Pokemon Deck.release.xcconfig */ = {isa = PBXFileReference; includeInIndex = 1; lastKnownFileType = text.xcconfig; name = "Pods-Pokemon Deck.release.xcconfig"; path = "Pods/Target Support Files/Pods-Pokemon Deck/Pods-Pokemon Deck.release.xcconfig"; sourceTree = "<group>"; };
		EEC6C026C08B05C23C7F2C4D /* Pods_Pokemon_DeckUITests.framework */ = {isa = PBXFileReference; explicitFileType = wrapper.framework; includeInIndex = 0; path = Pods_Pokemon_DeckUITests.framework; sourceTree = BUILT_PRODUCTS_DIR; };
		FAC521BF55C94E4A68667002 /* Pods-Pokemon DeckTests.release.xcconfig */ = {isa = PBXFileReference; includeInIndex = 1; lastKnownFileType = text.xcconfig; name = "Pods-Pokemon DeckTests.release.xcconfig"; path = "Pods/Target Support Files/Pods-Pokemon DeckTests/Pods-Pokemon DeckTests.release.xcconfig"; sourceTree = "<group>"; };
/* End PBXFileReference section */

/* Begin PBXFrameworksBuildPhase section */
		BF680B2C1DA9E27500E57DB4 /* Frameworks */ = {
			isa = PBXFrameworksBuildPhase;
			buildActionMask = 2147483647;
			files = (
				E9FFB012B5C3FC4C6D39AE85 /* Pods_Pokemon_Deck.framework in Frameworks */,
			);
			runOnlyForDeploymentPostprocessing = 0;
		};
		BF680B401DA9E27600E57DB4 /* Frameworks */ = {
			isa = PBXFrameworksBuildPhase;
			buildActionMask = 2147483647;
			files = (
				59810E4059E65DBBC4E1B1A0 /* Pods_Pokemon_DeckTests.framework in Frameworks */,
			);
			runOnlyForDeploymentPostprocessing = 0;
		};
		BF680B4B1DA9E27600E57DB4 /* Frameworks */ = {
			isa = PBXFrameworksBuildPhase;
			buildActionMask = 2147483647;
			files = (
				8805315F44476F458C275FB3 /* Pods_Pokemon_DeckUITests.framework in Frameworks */,
			);
			runOnlyForDeploymentPostprocessing = 0;
		};
/* End PBXFrameworksBuildPhase section */

/* Begin PBXGroup section */
		450B2B6BF701EA97448A21F0 /* Frameworks */ = {
			isa = PBXGroup;
			children = (
				4C0FB8752ADA50D0CEE5AAC9 /* Pods_Pokemon_Deck.framework */,
				8DBED9464340C6235197ABB7 /* Pods_Pokemon_DeckTests.framework */,
				EEC6C026C08B05C23C7F2C4D /* Pods_Pokemon_DeckUITests.framework */,
			);
			name = Frameworks;
			sourceTree = "<group>";
		};
		BBA6C29B8CC2C24B11968197 /* Pods */ = {
			isa = PBXGroup;
			children = (
				5FAB4C1F1473C92D5BADAEA8 /* Pods-Pokemon Deck.debug.xcconfig */,
				CD1CCABFF082737D80CD0E89 /* Pods-Pokemon Deck.release.xcconfig */,
				9FDD7CE1873C0BAD8E5A718B /* Pods-Pokemon DeckTests.debug.xcconfig */,
				FAC521BF55C94E4A68667002 /* Pods-Pokemon DeckTests.release.xcconfig */,
				5D315CECF0EF2C64BEE34CED /* Pods-Pokemon DeckUITests.debug.xcconfig */,
				947C3873AB5F8F794697BE54 /* Pods-Pokemon DeckUITests.release.xcconfig */,
			);
			name = Pods;
			sourceTree = "<group>";
		};
		BF680B261DA9E27500E57DB4 = {
			isa = PBXGroup;
			children = (
				BF680B311DA9E27500E57DB4 /* Pokemon Deck */,
				BF680B461DA9E27600E57DB4 /* Pokemon DeckTests */,
				BF680B511DA9E27600E57DB4 /* Pokemon DeckUITests */,
				BF680B301DA9E27500E57DB4 /* Products */,
				BBA6C29B8CC2C24B11968197 /* Pods */,
				450B2B6BF701EA97448A21F0 /* Frameworks */,
			);
			sourceTree = "<group>";
		};
		BF680B301DA9E27500E57DB4 /* Products */ = {
			isa = PBXGroup;
			children = (
				BF680B2F1DA9E27500E57DB4 /* Pokemon Deck.app */,
				BF680B431DA9E27600E57DB4 /* Pokemon DeckTests.xctest */,
				BF680B4E1DA9E27600E57DB4 /* Pokemon DeckUITests.xctest */,
			);
			name = Products;
			sourceTree = "<group>";
		};
		BF680B311DA9E27500E57DB4 /* Pokemon Deck */ = {
			isa = PBXGroup;
			children = (
				BF680B621DA9EE0700E57DB4 /* Model */,
				BF680B6A1DA9FF8900E57DB4 /* View */,
				BF680B6F1DAA7EF100E57DB4 /* Controller */,
				BF680B651DA9F48D00E57DB4 /* Resources */,
				BF680B701DAA7F3300E57DB4 /* Utilities */,
				BF680B321DA9E27500E57DB4 /* AppDelegate.swift */,
				BF680B361DA9E27500E57DB4 /* Main.storyboard */,
				BF680B391DA9E27500E57DB4 /* Assets.xcassets */,
				BF680B3B1DA9E27500E57DB4 /* LaunchScreen.storyboard */,
				BF680B3E1DA9E27500E57DB4 /* Info.plist */,
			);
			path = "Pokemon Deck";
			sourceTree = "<group>";
		};
		BF680B461DA9E27600E57DB4 /* Pokemon DeckTests */ = {
			isa = PBXGroup;
			children = (
				BF680B471DA9E27600E57DB4 /* Pokemon_DeckTests.swift */,
				BF680B491DA9E27600E57DB4 /* Info.plist */,
			);
			path = "Pokemon DeckTests";
			sourceTree = "<group>";
		};
		BF680B511DA9E27600E57DB4 /* Pokemon DeckUITests */ = {
			isa = PBXGroup;
			children = (
				BF680B521DA9E27600E57DB4 /* Pokemon_DeckUITests.swift */,
				BF680B541DA9E27600E57DB4 /* Info.plist */,
			);
			path = "Pokemon DeckUITests";
			sourceTree = "<group>";
		};
		BF680B621DA9EE0700E57DB4 /* Model */ = {
			isa = PBXGroup;
			children = (
				BF680B631DA9EE2A00E57DB4 /* Pokemon.swift */,
			);
			name = Model;
			sourceTree = "<group>";
		};
		BF680B651DA9F48D00E57DB4 /* Resources */ = {
			isa = PBXGroup;
			children = (
				BF680B731DAA812E00E57DB4 /* back.png */,
				BF680B711DAA811A00E57DB4 /* music.png */,
				BF680B681DA9F55900E57DB4 /* pokemon.ttf */,
				BF680B661DA9F53F00E57DB4 /* music.mp3 */,
				BF680B601DA9EC6000E57DB4 /* pokemon.csv */,
			);
			name = Resources;
			sourceTree = "<group>";
		};
		BF680B6A1DA9FF8900E57DB4 /* View */ = {
			isa = PBXGroup;
			children = (
				BF680B6B1DA9FFCF00E57DB4 /* PokeCell.swift */,
			);
			name = View;
			sourceTree = "<group>";
		};
		BF680B6F1DAA7EF100E57DB4 /* Controller */ = {
			isa = PBXGroup;
			children = (
				BF680B341DA9E27500E57DB4 /* ViewController.swift */,
				BF3017861DAAF0E800F33AE7 /* PokemonDetailVC.swift */,
			);
			name = Controller;
			sourceTree = "<group>";
		};
		BF680B701DAA7F3300E57DB4 /* Utilities */ = {
			isa = PBXGroup;
			children = (
				BF680B6D1DAA1E0800E57DB4 /* csv.swift */,
				BF016E471DAB3701004355BF /* Constants.swift */,
			);
			name = Utilities;
			sourceTree = "<group>";
		};
/* End PBXGroup section */

/* Begin PBXNativeTarget section */
		BF680B2E1DA9E27500E57DB4 /* Pokemon Deck */ = {
			isa = PBXNativeTarget;
			buildConfigurationList = BF680B571DA9E27600E57DB4 /* Build configuration list for PBXNativeTarget "Pokemon Deck" */;
			buildPhases = (
				56C81CBA5D984E44E461D1D9 /* [CP] Check Pods Manifest.lock */,
				BF680B2B1DA9E27500E57DB4 /* Sources */,
				BF680B2C1DA9E27500E57DB4 /* Frameworks */,
				BF680B2D1DA9E27500E57DB4 /* Resources */,
				7DC6CA547F11FFEA1B11F3CB /* [CP] Embed Pods Frameworks */,
				33F9F53F9F3FDC2D847DD5BF /* [CP] Copy Pods Resources */,
			);
			buildRules = (
			);
			dependencies = (
			);
			name = "Pokemon Deck";
			productName = "Pokemon Deck";
			productReference = BF680B2F1DA9E27500E57DB4 /* Pokemon Deck.app */;
			productType = "com.apple.product-type.application";
		};
		BF680B421DA9E27600E57DB4 /* Pokemon DeckTests */ = {
			isa = PBXNativeTarget;
			buildConfigurationList = BF680B5A1DA9E27600E57DB4 /* Build configuration list for PBXNativeTarget "Pokemon DeckTests" */;
			buildPhases = (
				CAE65B5104E2A9E41CAE847A /* [CP] Check Pods Manifest.lock */,
				BF680B3F1DA9E27600E57DB4 /* Sources */,
				BF680B401DA9E27600E57DB4 /* Frameworks */,
				BF680B411DA9E27600E57DB4 /* Resources */,
				5101FEBFECAFEFE2B68F73E2 /* [CP] Embed Pods Frameworks */,
				3D2CE5BA5A4B33D14F1EA0EF /* [CP] Copy Pods Resources */,
			);
			buildRules = (
			);
			dependencies = (
				BF680B451DA9E27600E57DB4 /* PBXTargetDependency */,
			);
			name = "Pokemon DeckTests";
			productName = "Pokemon DeckTests";
			productReference = BF680B431DA9E27600E57DB4 /* Pokemon DeckTests.xctest */;
			productType = "com.apple.product-type.bundle.unit-test";
		};
		BF680B4D1DA9E27600E57DB4 /* Pokemon DeckUITests */ = {
			isa = PBXNativeTarget;
			buildConfigurationList = BF680B5D1DA9E27600E57DB4 /* Build configuration list for PBXNativeTarget "Pokemon DeckUITests" */;
			buildPhases = (
				5D88129E611510C8B9335EAF /* [CP] Check Pods Manifest.lock */,
				BF680B4A1DA9E27600E57DB4 /* Sources */,
				BF680B4B1DA9E27600E57DB4 /* Frameworks */,
				BF680B4C1DA9E27600E57DB4 /* Resources */,
				12142C7BB5C4771888AF1B54 /* [CP] Embed Pods Frameworks */,
				1B06AEC4902E5BB0C796B3FF /* [CP] Copy Pods Resources */,
			);
			buildRules = (
			);
			dependencies = (
				BF680B501DA9E27600E57DB4 /* PBXTargetDependency */,
			);
			name = "Pokemon DeckUITests";
			productName = "Pokemon DeckUITests";
			productReference = BF680B4E1DA9E27600E57DB4 /* Pokemon DeckUITests.xctest */;
			productType = "com.apple.product-type.bundle.ui-testing";
		};
/* End PBXNativeTarget section */

/* Begin PBXProject section */
		BF680B271DA9E27500E57DB4 /* Project object */ = {
			isa = PBXProject;
			attributes = {
				LastSwiftUpdateCheck = 0800;
				LastUpgradeCheck = 0800;
				ORGANIZATIONNAME = Louis;
				TargetAttributes = {
					BF680B2E1DA9E27500E57DB4 = {
						CreatedOnToolsVersion = 8.0;
						DevelopmentTeam = 4WV9HZC5SY;
						LastSwiftMigration = 0800;
						ProvisioningStyle = Automatic;
					};
					BF680B421DA9E27600E57DB4 = {
						CreatedOnToolsVersion = 8.0;
						DevelopmentTeam = 4WV9HZC5SY;
						LastSwiftMigration = 0800;
						ProvisioningStyle = Automatic;
						TestTargetID = BF680B2E1DA9E27500E57DB4;
					};
					BF680B4D1DA9E27600E57DB4 = {
						CreatedOnToolsVersion = 8.0;
						DevelopmentTeam = 4WV9HZC5SY;
						LastSwiftMigration = 0800;
						ProvisioningStyle = Automatic;
						TestTargetID = BF680B2E1DA9E27500E57DB4;
					};
				};
			};
			buildConfigurationList = BF680B2A1DA9E27500E57DB4 /* Build configuration list for PBXProject "Pokemon Deck" */;
			compatibilityVersion = "Xcode 3.2";
			developmentRegion = English;
			hasScannedForEncodings = 0;
			knownRegions = (
				en,
				Base,
			);
			mainGroup = BF680B261DA9E27500E57DB4;
			productRefGroup = BF680B301DA9E27500E57DB4 /* Products */;
			projectDirPath = "";
			projectRoot = "";
			targets = (
				BF680B2E1DA9E27500E57DB4 /* Pokemon Deck */,
				BF680B421DA9E27600E57DB4 /* Pokemon DeckTests */,
				BF680B4D1DA9E27600E57DB4 /* Pokemon DeckUITests */,
			);
		};
/* End PBXProject section */

/* Begin PBXResourcesBuildPhase section */
		BF680B2D1DA9E27500E57DB4 /* Resources */ = {
			isa = PBXResourcesBuildPhase;
			buildActionMask = 2147483647;
			files = (
				BF680B671DA9F53F00E57DB4 /* music.mp3 in Resources */,
				BF680B721DAA811A00E57DB4 /* music.png in Resources */,
				BF680B3D1DA9E27500E57DB4 /* LaunchScreen.storyboard in Resources */,
				BF680B3A1DA9E27500E57DB4 /* Assets.xcassets in Resources */,
				BF680B741DAA812E00E57DB4 /* back.png in Resources */,
				BF680B611DA9EC6000E57DB4 /* pokemon.csv in Resources */,
				BF680B691DA9F55900E57DB4 /* pokemon.ttf in Resources */,
				BF680B381DA9E27500E57DB4 /* Main.storyboard in Resources */,
			);
			runOnlyForDeploymentPostprocessing = 0;
		};
		BF680B411DA9E27600E57DB4 /* Resources */ = {
			isa = PBXResourcesBuildPhase;
			buildActionMask = 2147483647;
			files = (
			);
			runOnlyForDeploymentPostprocessing = 0;
		};
		BF680B4C1DA9E27600E57DB4 /* Resources */ = {
			isa = PBXResourcesBuildPhase;
			buildActionMask = 2147483647;
			files = (
			);
			runOnlyForDeploymentPostprocessing = 0;
		};
/* End PBXResourcesBuildPhase section */

/* Begin PBXShellScriptBuildPhase section */
		12142C7BB5C4771888AF1B54 /* [CP] Embed Pods Frameworks */ = {
			isa = PBXShellScriptBuildPhase;
			buildActionMask = 2147483647;
			files = (
			);
			inputPaths = (
			);
			name = "[CP] Embed Pods Frameworks";
			outputPaths = (
			);
			runOnlyForDeploymentPostprocessing = 0;
			shellPath = /bin/sh;
			shellScript = "\"${SRCROOT}/Pods/Target Support Files/Pods-Pokemon DeckUITests/Pods-Pokemon DeckUITests-frameworks.sh\"\n";
			showEnvVarsInLog = 0;
		};
		1B06AEC4902E5BB0C796B3FF /* [CP] Copy Pods Resources */ = {
			isa = PBXShellScriptBuildPhase;
			buildActionMask = 2147483647;
			files = (
			);
			inputPaths = (
			);
			name = "[CP] Copy Pods Resources";
			outputPaths = (
			);
			runOnlyForDeploymentPostprocessing = 0;
			shellPath = /bin/sh;
			shellScript = "\"${SRCROOT}/Pods/Target Support Files/Pods-Pokemon DeckUITests/Pods-Pokemon DeckUITests-resources.sh\"\n";
			showEnvVarsInLog = 0;
		};
		33F9F53F9F3FDC2D847DD5BF /* [CP] Copy Pods Resources */ = {
			isa = PBXShellScriptBuildPhase;
			buildActionMask = 2147483647;
			files = (
			);
			inputPaths = (
			);
			name = "[CP] Copy Pods Resources";
			outputPaths = (
			);
			runOnlyForDeploymentPostprocessing = 0;
			shellPath = /bin/sh;
			shellScript = "\"${SRCROOT}/Pods/Target Support Files/Pods-Pokemon Deck/Pods-Pokemon Deck-resources.sh\"\n";
			showEnvVarsInLog = 0;
		};
		3D2CE5BA5A4B33D14F1EA0EF /* [CP] Copy Pods Resources */ = {
			isa = PBXShellScriptBuildPhase;
			buildActionMask = 2147483647;
			files = (
			);
			inputPaths = (
			);
			name = "[CP] Copy Pods Resources";
			outputPaths = (
			);
			runOnlyForDeploymentPostprocessing = 0;
			shellPath = /bin/sh;
			shellScript = "\"${SRCROOT}/Pods/Target Support Files/Pods-Pokemon DeckTests/Pods-Pokemon DeckTests-resources.sh\"\n";
			showEnvVarsInLog = 0;
		};
		5101FEBFECAFEFE2B68F73E2 /* [CP] Embed Pods Frameworks */ = {
			isa = PBXShellScriptBuildPhase;
			buildActionMask = 2147483647;
			files = (
			);
			inputPaths = (
			);
			name = "[CP] Embed Pods Frameworks";
			outputPaths = (
			);
			runOnlyForDeploymentPostprocessing = 0;
			shellPath = /bin/sh;
			shellScript = "\"${SRCROOT}/Pods/Target Support Files/Pods-Pokemon DeckTests/Pods-Pokemon DeckTests-frameworks.sh\"\n";
			showEnvVarsInLog = 0;
		};
		56C81CBA5D984E44E461D1D9 /* [CP] Check Pods Manifest.lock */ = {
			isa = PBXShellScriptBuildPhase;
			buildActionMask = 2147483647;
			files = (
			);
			inputPaths = (
			);
			name = "[CP] Check Pods Manifest.lock";
			outputPaths = (
			);
			runOnlyForDeploymentPostprocessing = 0;
			shellPath = /bin/sh;
			shellScript = "diff \"${PODS_ROOT}/../Podfile.lock\" \"${PODS_ROOT}/Manifest.lock\" > /dev/null\nif [ $? != 0 ] ; then\n    # print error to STDERR\n    echo \"error: The sandbox is not in sync with the Podfile.lock. Run 'pod install' or update your CocoaPods installation.\" >&2\n    exit 1\nfi\n";
			showEnvVarsInLog = 0;
		};
		5D88129E611510C8B9335EAF /* [CP] Check Pods Manifest.lock */ = {
			isa = PBXShellScriptBuildPhase;
			buildActionMask = 2147483647;
			files = (
			);
			inputPaths = (
			);
			name = "[CP] Check Pods Manifest.lock";
			outputPaths = (
			);
			runOnlyForDeploymentPostprocessing = 0;
			shellPath = /bin/sh;
			shellScript = "diff \"${PODS_ROOT}/../Podfile.lock\" \"${PODS_ROOT}/Manifest.lock\" > /dev/null\nif [ $? != 0 ] ; then\n    # print error to STDERR\n    echo \"error: The sandbox is not in sync with the Podfile.lock. Run 'pod install' or update your CocoaPods installation.\" >&2\n    exit 1\nfi\n";
			showEnvVarsInLog = 0;
		};
		7DC6CA547F11FFEA1B11F3CB /* [CP] Embed Pods Frameworks */ = {
			isa = PBXShellScriptBuildPhase;
			buildActionMask = 2147483647;
			files = (
			);
			inputPaths = (
			);
			name = "[CP] Embed Pods Frameworks";
			outputPaths = (
			);
			runOnlyForDeploymentPostprocessing = 0;
			shellPath = /bin/sh;
			shellScript = "\"${SRCROOT}/Pods/Target Support Files/Pods-Pokemon Deck/Pods-Pokemon Deck-frameworks.sh\"\n";
			showEnvVarsInLog = 0;
		};
		CAE65B5104E2A9E41CAE847A /* [CP] Check Pods Manifest.lock */ = {
			isa = PBXShellScriptBuildPhase;
			buildActionMask = 2147483647;
			files = (
			);
			inputPaths = (
			);
			name = "[CP] Check Pods Manifest.lock";
			outputPaths = (
			);
			runOnlyForDeploymentPostprocessing = 0;
			shellPath = /bin/sh;
			shellScript = "diff \"${PODS_ROOT}/../Podfile.lock\" \"${PODS_ROOT}/Manifest.lock\" > /dev/null\nif [ $? != 0 ] ; then\n    # print error to STDERR\n    echo \"error: The sandbox is not in sync with the Podfile.lock. Run 'pod install' or update your CocoaPods installation.\" >&2\n    exit 1\nfi\n";
			showEnvVarsInLog = 0;
		};
/* End PBXShellScriptBuildPhase section */

/* Begin PBXSourcesBuildPhase section */
		BF680B2B1DA9E27500E57DB4 /* Sources */ = {
			isa = PBXSourcesBuildPhase;
			buildActionMask = 2147483647;
			files = (
				BF680B6C1DA9FFCF00E57DB4 /* PokeCell.swift in Sources */,
				BF680B351DA9E27500E57DB4 /* ViewController.swift in Sources */,
				BF680B331DA9E27500E57DB4 /* AppDelegate.swift in Sources */,
				BF3017871DAAF0E800F33AE7 /* PokemonDetailVC.swift in Sources */,
				BF016E481DAB3701004355BF /* Constants.swift in Sources */,
				BF680B641DA9EE2A00E57DB4 /* Pokemon.swift in Sources */,
				BF680B6E1DAA1E0800E57DB4 /* csv.swift in Sources */,
			);
			runOnlyForDeploymentPostprocessing = 0;
		};
		BF680B3F1DA9E27600E57DB4 /* Sources */ = {
			isa = PBXSourcesBuildPhase;
			buildActionMask = 2147483647;
			files = (
				BF680B481DA9E27600E57DB4 /* Pokemon_DeckTests.swift in Sources */,
			);
			runOnlyForDeploymentPostprocessing = 0;
		};
		BF680B4A1DA9E27600E57DB4 /* Sources */ = {
			isa = PBXSourcesBuildPhase;
			buildActionMask = 2147483647;
			files = (
				BF680B531DA9E27600E57DB4 /* Pokemon_DeckUITests.swift in Sources */,
			);
			runOnlyForDeploymentPostprocessing = 0;
		};
/* End PBXSourcesBuildPhase section */

/* Begin PBXTargetDependency section */
		BF680B451DA9E27600E57DB4 /* PBXTargetDependency */ = {
			isa = PBXTargetDependency;
			target = BF680B2E1DA9E27500E57DB4 /* Pokemon Deck */;
			targetProxy = BF680B441DA9E27600E57DB4 /* PBXContainerItemProxy */;
		};
		BF680B501DA9E27600E57DB4 /* PBXTargetDependency */ = {
			isa = PBXTargetDependency;
			target = BF680B2E1DA9E27500E57DB4 /* Pokemon Deck */;
			targetProxy = BF680B4F1DA9E27600E57DB4 /* PBXContainerItemProxy */;
		};
/* End PBXTargetDependency section */

/* Begin PBXVariantGroup section */
		BF680B361DA9E27500E57DB4 /* Main.storyboard */ = {
			isa = PBXVariantGroup;
			children = (
				BF680B371DA9E27500E57DB4 /* Base */,
			);
			name = Main.storyboard;
			sourceTree = "<group>";
		};
		BF680B3B1DA9E27500E57DB4 /* LaunchScreen.storyboard */ = {
			isa = PBXVariantGroup;
			children = (
				BF680B3C1DA9E27500E57DB4 /* Base */,
			);
			name = LaunchScreen.storyboard;
			sourceTree = "<group>";
		};
/* End PBXVariantGroup section */

/* Begin XCBuildConfiguration section */
		BF680B551DA9E27600E57DB4 /* Debug */ = {
			isa = XCBuildConfiguration;
			buildSettings = {
				ALWAYS_SEARCH_USER_PATHS = NO;
				CLANG_ANALYZER_NONNULL = YES;
				CLANG_CXX_LANGUAGE_STANDARD = "gnu++0x";
				CLANG_CXX_LIBRARY = "libc++";
				CLANG_ENABLE_MODULES = YES;
				CLANG_ENABLE_OBJC_ARC = YES;
				CLANG_WARN_BOOL_CONVERSION = YES;
				CLANG_WARN_CONSTANT_CONVERSION = YES;
				CLANG_WARN_DIRECT_OBJC_ISA_USAGE = YES_ERROR;
				CLANG_WARN_DOCUMENTATION_COMMENTS = YES;
				CLANG_WARN_EMPTY_BODY = YES;
				CLANG_WARN_ENUM_CONVERSION = YES;
				CLANG_WARN_INFINITE_RECURSION = YES;
				CLANG_WARN_INT_CONVERSION = YES;
				CLANG_WARN_OBJC_ROOT_CLASS = YES_ERROR;
				CLANG_WARN_SUSPICIOUS_MOVES = YES;
				CLANG_WARN_UNREACHABLE_CODE = YES;
				CLANG_WARN__DUPLICATE_METHOD_MATCH = YES;
				"CODE_SIGN_IDENTITY[sdk=iphoneos*]" = "iPhone Developer";
				COPY_PHASE_STRIP = NO;
				DEBUG_INFORMATION_FORMAT = dwarf;
				ENABLE_STRICT_OBJC_MSGSEND = YES;
				ENABLE_TESTABILITY = YES;
				GCC_C_LANGUAGE_STANDARD = gnu99;
				GCC_DYNAMIC_NO_PIC = NO;
				GCC_NO_COMMON_BLOCKS = YES;
				GCC_OPTIMIZATION_LEVEL = 0;
				GCC_PREPROCESSOR_DEFINITIONS = (
					"DEBUG=1",
					"$(inherited)",
				);
				GCC_WARN_64_TO_32_BIT_CONVERSION = YES;
				GCC_WARN_ABOUT_RETURN_TYPE = YES_ERROR;
				GCC_WARN_UNDECLARED_SELECTOR = YES;
				GCC_WARN_UNINITIALIZED_AUTOS = YES_AGGRESSIVE;
				GCC_WARN_UNUSED_FUNCTION = YES;
				GCC_WARN_UNUSED_VARIABLE = YES;
				IPHONEOS_DEPLOYMENT_TARGET = 10.0;
				MTL_ENABLE_DEBUG_INFO = YES;
				ONLY_ACTIVE_ARCH = YES;
				SDKROOT = iphoneos;
				SWIFT_ACTIVE_COMPILATION_CONDITIONS = DEBUG;
				SWIFT_OPTIMIZATION_LEVEL = "-Onone";
			};
			name = Debug;
		};
		BF680B561DA9E27600E57DB4 /* Release */ = {
			isa = XCBuildConfiguration;
			buildSettings = {
				ALWAYS_SEARCH_USER_PATHS = NO;
				CLANG_ANALYZER_NONNULL = YES;
				CLANG_CXX_LANGUAGE_STANDARD = "gnu++0x";
				CLANG_CXX_LIBRARY = "libc++";
				CLANG_ENABLE_MODULES = YES;
				CLANG_ENABLE_OBJC_ARC = YES;
				CLANG_WARN_BOOL_CONVERSION = YES;
				CLANG_WARN_CONSTANT_CONVERSION = YES;
				CLANG_WARN_DIRECT_OBJC_ISA_USAGE = YES_ERROR;
				CLANG_WARN_DOCUMENTATION_COMMENTS = YES;
				CLANG_WARN_EMPTY_BODY = YES;
				CLANG_WARN_ENUM_CONVERSION = YES;
				CLANG_WARN_INFINITE_RECURSION = YES;
				CLANG_WARN_INT_CONVERSION = YES;
				CLANG_WARN_OBJC_ROOT_CLASS = YES_ERROR;
				CLANG_WARN_SUSPICIOUS_MOVES = YES;
				CLANG_WARN_UNREACHABLE_CODE = YES;
				CLANG_WARN__DUPLICATE_METHOD_MATCH = YES;
				"CODE_SIGN_IDENTITY[sdk=iphoneos*]" = "iPhone Developer";
				COPY_PHASE_STRIP = NO;
				DEBUG_INFORMATION_FORMAT = "dwarf-with-dsym";
				ENABLE_NS_ASSERTIONS = NO;
				ENABLE_STRICT_OBJC_MSGSEND = YES;
				GCC_C_LANGUAGE_STANDARD = gnu99;
				GCC_NO_COMMON_BLOCKS = YES;
				GCC_WARN_64_TO_32_BIT_CONVERSION = YES;
				GCC_WARN_ABOUT_RETURN_TYPE = YES_ERROR;
				GCC_WARN_UNDECLARED_SELECTOR = YES;
				GCC_WARN_UNINITIALIZED_AUTOS = YES_AGGRESSIVE;
				GCC_WARN_UNUSED_FUNCTION = YES;
				GCC_WARN_UNUSED_VARIABLE = YES;
				IPHONEOS_DEPLOYMENT_TARGET = 10.0;
				MTL_ENABLE_DEBUG_INFO = NO;
				SDKROOT = iphoneos;
				SWIFT_OPTIMIZATION_LEVEL = "-Owholemodule";
				VALIDATE_PRODUCT = YES;
			};
			name = Release;
		};
		BF680B581DA9E27600E57DB4 /* Debug */ = {
			isa = XCBuildConfiguration;
			baseConfigurationReference = 5FAB4C1F1473C92D5BADAEA8 /* Pods-Pokemon Deck.debug.xcconfig */;
			buildSettings = {
				ASSETCATALOG_COMPILER_APPICON_NAME = AppIcon;
				DEVELOPMENT_TEAM = 4WV9HZC5SY;
				INFOPLIST_FILE = "Pokemon Deck/Info.plist";
				LD_RUNPATH_SEARCH_PATHS = "$(inherited) @executable_path/Frameworks";
				PRODUCT_BUNDLE_IDENTIFIER = "weproco.Pokemon-Deck";
				PRODUCT_NAME = "$(TARGET_NAME)";
				SWIFT_VERSION = 3.0;
			};
			name = Debug;
		};
		BF680B591DA9E27600E57DB4 /* Release */ = {
			isa = XCBuildConfiguration;
			baseConfigurationReference = CD1CCABFF082737D80CD0E89 /* Pods-Pokemon Deck.release.xcconfig */;
			buildSettings = {
				ASSETCATALOG_COMPILER_APPICON_NAME = AppIcon;
				DEVELOPMENT_TEAM = 4WV9HZC5SY;
				INFOPLIST_FILE = "Pokemon Deck/Info.plist";
				LD_RUNPATH_SEARCH_PATHS = "$(inherited) @executable_path/Frameworks";
				PRODUCT_BUNDLE_IDENTIFIER = "weproco.Pokemon-Deck";
				PRODUCT_NAME = "$(TARGET_NAME)";
				SWIFT_VERSION = 3.0;
			};
			name = Release;
		};
		BF680B5B1DA9E27600E57DB4 /* Debug */ = {
			isa = XCBuildConfiguration;
			baseConfigurationReference = 9FDD7CE1873C0BAD8E5A718B /* Pods-Pokemon DeckTests.debug.xcconfig */;
			buildSettings = {
				ALWAYS_EMBED_SWIFT_STANDARD_LIBRARIES = YES;
				BUNDLE_LOADER = "$(TEST_HOST)";
				DEVELOPMENT_TEAM = 4WV9HZC5SY;
				INFOPLIST_FILE = "Pokemon DeckTests/Info.plist";
				LD_RUNPATH_SEARCH_PATHS = "$(inherited) @executable_path/Frameworks @loader_path/Frameworks";
				PRODUCT_BUNDLE_IDENTIFIER = "weproco.Pokemon-DeckTests";
				PRODUCT_NAME = "$(TARGET_NAME)";
				SWIFT_VERSION = 3.0;
				TEST_HOST = "$(BUILT_PRODUCTS_DIR)/Pokemon Deck.app/Pokemon Deck";
			};
			name = Debug;
		};
		BF680B5C1DA9E27600E57DB4 /* Release */ = {
			isa = XCBuildConfiguration;
			baseConfigurationReference = FAC521BF55C94E4A68667002 /* Pods-Pokemon DeckTests.release.xcconfig */;
			buildSettings = {
				ALWAYS_EMBED_SWIFT_STANDARD_LIBRARIES = YES;
				BUNDLE_LOADER = "$(TEST_HOST)";
				DEVELOPMENT_TEAM = 4WV9HZC5SY;
				INFOPLIST_FILE = "Pokemon DeckTests/Info.plist";
				LD_RUNPATH_SEARCH_PATHS = "$(inherited) @executable_path/Frameworks @loader_path/Frameworks";
				PRODUCT_BUNDLE_IDENTIFIER = "weproco.Pokemon-DeckTests";
				PRODUCT_NAME = "$(TARGET_NAME)";
				SWIFT_VERSION = 3.0;
				TEST_HOST = "$(BUILT_PRODUCTS_DIR)/Pokemon Deck.app/Pokemon Deck";
			};
			name = Release;
		};
		BF680B5E1DA9E27600E57DB4 /* Debug */ = {
			isa = XCBuildConfiguration;
			baseConfigurationReference = 5D315CECF0EF2C64BEE34CED /* Pods-Pokemon DeckUITests.debug.xcconfig */;
			buildSettings = {
				ALWAYS_EMBED_SWIFT_STANDARD_LIBRARIES = YES;
				DEVELOPMENT_TEAM = 4WV9HZC5SY;
				INFOPLIST_FILE = "Pokemon DeckUITests/Info.plist";
				LD_RUNPATH_SEARCH_PATHS = "$(inherited) @executable_path/Frameworks @loader_path/Frameworks";
				PRODUCT_BUNDLE_IDENTIFIER = "weproco.Pokemon-DeckUITests";
				PRODUCT_NAME = "$(TARGET_NAME)";
				SWIFT_VERSION = 3.0;
				TEST_TARGET_NAME = "Pokemon Deck";
			};
			name = Debug;
		};
		BF680B5F1DA9E27600E57DB4 /* Release */ = {
			isa = XCBuildConfiguration;
			baseConfigurationReference = 947C3873AB5F8F794697BE54 /* Pods-Pokemon DeckUITests.release.xcconfig */;
			buildSettings = {
				ALWAYS_EMBED_SWIFT_STANDARD_LIBRARIES = YES;
				DEVELOPMENT_TEAM = 4WV9HZC5SY;
				INFOPLIST_FILE = "Pokemon DeckUITests/Info.plist";
				LD_RUNPATH_SEARCH_PATHS = "$(inherited) @executable_path/Frameworks @loader_path/Frameworks";
				PRODUCT_BUNDLE_IDENTIFIER = "weproco.Pokemon-DeckUITests";
				PRODUCT_NAME = "$(TARGET_NAME)";
				SWIFT_VERSION = 3.0;
				TEST_TARGET_NAME = "Pokemon Deck";
			};
			name = Release;
		};
/* End XCBuildConfiguration section */

/* Begin XCConfigurationList section */
		BF680B2A1DA9E27500E57DB4 /* Build configuration list for PBXProject "Pokemon Deck" */ = {
			isa = XCConfigurationList;
			buildConfigurations = (
				BF680B551DA9E27600E57DB4 /* Debug */,
				BF680B561DA9E27600E57DB4 /* Release */,
			);
			defaultConfigurationIsVisible = 0;
			defaultConfigurationName = Release;
		};
		BF680B571DA9E27600E57DB4 /* Build configuration list for PBXNativeTarget "Pokemon Deck" */ = {
			isa = XCConfigurationList;
			buildConfigurations = (
				BF680B581DA9E27600E57DB4 /* Debug */,
				BF680B591DA9E27600E57DB4 /* Release */,
			);
			defaultConfigurationIsVisible = 0;
			defaultConfigurationName = Release;
		};
		BF680B5A1DA9E27600E57DB4 /* Build configuration list for PBXNativeTarget "Pokemon DeckTests" */ = {
			isa = XCConfigurationList;
			buildConfigurations = (
				BF680B5B1DA9E27600E57DB4 /* Debug */,
				BF680B5C1DA9E27600E57DB4 /* Release */,
			);
			defaultConfigurationIsVisible = 0;
			defaultConfigurationName = Release;
		};
		BF680B5D1DA9E27600E57DB4 /* Build configuration list for PBXNativeTarget "Pokemon DeckUITests" */ = {
			isa = XCConfigurationList;
			buildConfigurations = (
				BF680B5E1DA9E27600E57DB4 /* Debug */,
				BF680B5F1DA9E27600E57DB4 /* Release */,
			);
			defaultConfigurationIsVisible = 0;
			defaultConfigurationName = Release;
		};
/* End XCConfigurationList section */
	};
	rootObject = BF680B271DA9E27500E57DB4 /* Project object */;
}
